<?xml version="1.0" encoding="utf-8"?>
<Project ToolsVersion="4.0" xmlns="http://schemas.microsoft.com/developer/msbuild/2003">
  <ItemGroup>
    <Filter Include="util">
      <UniqueIdentifier>{290e230d-6d2f-4449-998b-31861c83c897}</UniqueIdentifier>
    </Filter>
    <Filter Include="XCCore">
      <UniqueIdentifier>{9ffc9798-f555-43d9-a523-b70e502d26b1}</UniqueIdentifier>
    </Filter>
    <Filter Include="XCCore\XCRender">
      <UniqueIdentifier>{a8f6de0c-85c2-48a5-8add-453a4c4107d3}</UniqueIdentifier>
    </Filter>
    <Filter Include="XCInterpreter">
      <UniqueIdentifier>{42024c11-981e-4b30-99fa-c3231dfb5f1d}</UniqueIdentifier>
    </Filter>
    <Filter Include="XCCore\Bullet">
      <UniqueIdentifier>{6cd208d4-5bef-491f-8964-9c237709af33}</UniqueIdentifier>
    </Filter>
    <Filter Include="XCCore\Stage">
      <UniqueIdentifier>{ac940bd2-e2a1-4200-bd83-f5234c0035c6}</UniqueIdentifier>
    </Filter>
    <Filter Include="XCCore\Task">
      <UniqueIdentifier>{303b8fc6-942a-443b-85e0-f81bdcf099af}</UniqueIdentifier>
    </Filter>
    <Filter Include="XCCore\Background">
      <UniqueIdentifier>{f2bb86c8-b3aa-4e55-9427-8633fcd22128}</UniqueIdentifier>
    </Filter>
    <Filter Include="XCCore\UserInterface">
      <UniqueIdentifier>{c8b2abf1-a953-43b3-8388-b6e26ad868b9}</UniqueIdentifier>
    </Filter>
    <Filter Include="XCCore\XCCollide">
      <UniqueIdentifier>{fd61ee80-385b-46d4-8ae2-7fb9175b62b3}</UniqueIdentifier>
    </Filter>
    <Filter Include="XCCore\XCRender\SpecialEffect">
      <UniqueIdentifier>{45914d97-27d5-4885-8ac8-35dc9da4f6f6}</UniqueIdentifier>
    </Filter>
    <Filter Include="XCCore\XCAudio">
      <UniqueIdentifier>{d0df81fa-abea-42c1-a3d3-a689a213969e}</UniqueIdentifier>
    </Filter>
    <Filter Include="XCCore\Attack">
      <UniqueIdentifier>{b873b62a-f989-4429-9109-4a1a7bc6ab6b}</UniqueIdentifier>
    </Filter>
    <Filter Include="XCCore\Enemy">
      <UniqueIdentifier>{2e419218-6347-4310-bc9f-14bf80549af2}</UniqueIdentifier>
    </Filter>
    <Filter Include="XCCore\Menu">
      <UniqueIdentifier>{0b1f0165-e716-497e-a0ae-d9e4b7595711}</UniqueIdentifier>
    </Filter>
    <Filter Include="XCCore\Boss">
      <UniqueIdentifier>{80d87d3d-c728-4f4e-b0bc-1e8ba341ac8b}</UniqueIdentifier>
    </Filter>
    <Filter Include="Resouce">
      <UniqueIdentifier>{37898c7c-a6c7-4c12-a0a6-82cefb500e41}</UniqueIdentifier>
    </Filter>
    <Filter Include="XCCore\XCRender\ParticleEffect">
      <UniqueIdentifier>{dd765bb2-a0bc-4f31-82c7-23a63826b703}</UniqueIdentifier>
    </Filter>
    <Filter Include="XCCore\Player">
      <UniqueIdentifier>{43fd9bff-7c18-403e-a0c5-5ca4cf4aaad0}</UniqueIdentifier>
    </Filter>
    <Filter Include="XCCore\Item">
      <UniqueIdentifier>{9ced1f15-8bde-4e47-8beb-93d3a600c8b6}</UniqueIdentifier>
    </Filter>
  </ItemGroup>
  <ItemGroup>
    <ClCompile Include="util\ConfigManager.cpp">
      <Filter>util</Filter>
    </ClCompile>
    <ClCompile Include="util\GameTimer.cpp">
      <Filter>util</Filter>
    </ClCompile>
    <ClCompile Include="util\gl3w.c">
      <Filter>util</Filter>
    </ClCompile>
    <ClCompile Include="util\ImageLoader.cpp">
      <Filter>util</Filter>
    </ClCompile>
    <ClCompile Include="XCFrame.cpp" />
    <ClCompile Include="util\ShaderReader.cpp">
      <Filter>util</Filter>
    </ClCompile>
    <ClCompile Include="XCInterpreter\XCInterpreter.cpp">
      <Filter>XCInterpreter</Filter>
    </ClCompile>
    <ClCompile Include="XCInterpreter\ScriptLoader.cpp">
      <Filter>XCInterpreter</Filter>
    </ClCompile>
    <ClCompile Include="XCCore\XCRender\XCImageHelper.cpp">
      <Filter>XCCore\XCRender</Filter>
    </ClCompile>
    <ClCompile Include="XCCore\XCRender\XCColorBlockHelper.cpp">
      <Filter>XCCore\XCRender</Filter>
    </ClCompile>
    <ClCompile Include="XCFrameInfo.cpp" />
    <ClCompile Include="XCCore\Stage\Stage.cpp">
      <Filter>XCCore\Stage</Filter>
    </ClCompile>
    <ClCompile Include="XCCore\Bullet\BulletHelper.cpp">
      <Filter>XCCore\Bullet</Filter>
    </ClCompile>
    <ClCompile Include="XCCore\Task\Task.cpp">
      <Filter>XCCore\Task</Filter>
    </ClCompile>
    <ClCompile Include="XCCore\Task\TaskDispatcher.cpp">
      <Filter>XCCore\Task</Filter>
    </ClCompile>
    <ClCompile Include="XCCore\Task\TaskInsideUnit.cpp">
      <Filter>XCCore\Task</Filter>
    </ClCompile>
    <ClCompile Include="XCCore\Task\TaskHelper.cpp">
      <Filter>XCCore\Task</Filter>
    </ClCompile>
    <ClCompile Include="XCCore\Background\Lake.cpp">
      <Filter>XCCore\Background</Filter>
    </ClCompile>
    <ClCompile Include="XCCore\Background\BackgroundHelper.cpp">
      <Filter>XCCore\Background</Filter>
    </ClCompile>
    <ClCompile Include="XCCore\XCRender\XCAdvImageHelper.cpp">
      <Filter>XCCore\XCRender</Filter>
    </ClCompile>
    <ClCompile Include="XCCore\XCRender\IRenderHelper.cpp">
      <Filter>XCCore\XCRender</Filter>
    </ClCompile>
    <ClCompile Include="XCCore\UserInterface\GameInfoInterface.cpp">
      <Filter>XCCore\UserInterface</Filter>
    </ClCompile>
    <ClCompile Include="XCCore\Bullet\CircleTypeBullet.cpp">
      <Filter>XCCore\Bullet</Filter>
    </ClCompile>
    <ClCompile Include="XCCore\Bullet\RectangleTypeBullet.cpp">
      <Filter>XCCore\Bullet</Filter>
    </ClCompile>
    <ClCompile Include="XCCore\XCRender\XCFont.cpp">
      <Filter>XCCore\XCRender</Filter>
    </ClCompile>
    <ClCompile Include="XCCore\XCCollide\CollideHelper.cpp">
      <Filter>XCCore\XCCollide</Filter>
    </ClCompile>
    <ClCompile Include="XCCore\XCCollide\CollideInfo.cpp">
      <Filter>XCCore\XCCollide</Filter>
    </ClCompile>
    <ClCompile Include="XCCore\XCRender\SpecialEffect\DecisionPointSE.cpp">
      <Filter>XCCore\XCRender\SpecialEffect</Filter>
    </ClCompile>
    <ClCompile Include="XCCore\UserInterface\CoverInterface.cpp">
      <Filter>XCCore\UserInterface</Filter>
    </ClCompile>
    <ClCompile Include="XCCore\Background\MagicForest.cpp">
      <Filter>XCCore\Background</Filter>
    </ClCompile>
    <ClCompile Include="XCCore\Background\Camera.cpp">
      <Filter>XCCore\Background</Filter>
    </ClCompile>
    <ClCompile Include="XCCore\XCAudio\AudioHelper.cpp">
      <Filter>XCCore\XCAudio</Filter>
    </ClCompile>
    <ClCompile Include="XCCore\Task\TaskManager.cpp">
      <Filter>XCCore\Task</Filter>
    </ClCompile>
    <ClCompile Include="XCCore\XCRender\RenderManager.cpp">
      <Filter>XCCore\XCRender</Filter>
    </ClCompile>
    <ClCompile Include="XCCore\Enemy\EnemyObject.cpp">
      <Filter>XCCore\Enemy</Filter>
    </ClCompile>
    <ClCompile Include="XCCore\Task\TaskEnemy.cpp">
      <Filter>XCCore\Task</Filter>
    </ClCompile>
    <ClCompile Include="XCCore\Attack\NormalStrike.cpp">
      <Filter>XCCore\Attack</Filter>
    </ClCompile>
    <ClCompile Include="XCCore\Menu\GameMenu.cpp">
      <Filter>XCCore\Menu</Filter>
    </ClCompile>
    <ClCompile Include="LaunchHelper.cpp" />
    <ClCompile Include="XCCore\Menu\PauseMenu.cpp">
      <Filter>XCCore\Menu</Filter>
    </ClCompile>
    <ClCompile Include="XCCore\Bullet\OvalTypeBullet.cpp">
      <Filter>XCCore\Bullet</Filter>
    </ClCompile>
    <ClCompile Include="XCCore\Boss\BossHelper.cpp">
      <Filter>XCCore\Boss</Filter>
    </ClCompile>
    <ClCompile Include="XCCore\Boss\Boss.cpp">
      <Filter>XCCore\Boss</Filter>
    </ClCompile>
    <ClCompile Include="XCCore\Boss\SpellCard.cpp">
      <Filter>XCCore\Boss</Filter>
    </ClCompile>
    <ClCompile Include="XCCore\Boss\BossObject.cpp">
      <Filter>XCCore\Boss</Filter>
    </ClCompile>
    <ClCompile Include="XCCore\UserInterface\BossInfoInterface.cpp">
      <Filter>XCCore\UserInterface</Filter>
    </ClCompile>
    <ClCompile Include="XCCore\Background\River.cpp">
      <Filter>XCCore\Background</Filter>
    </ClCompile>
    <ClCompile Include="XCCore\XCRender\SpecialEffect\XCParticle.cpp">
      <Filter>XCCore\XCRender\ParticleEffect</Filter>
    </ClCompile>
    <ClCompile Include="XCCore\XCRender\ParticleHelper.cpp">
      <Filter>XCCore\XCRender\ParticleEffect</Filter>
    </ClCompile>
    <ClCompile Include="XCCore\Player\Player.cpp">
      <Filter>XCCore\Player</Filter>
    </ClCompile>
    <ClCompile Include="XCCore\Item\Item.cpp">
      <Filter>XCCore\Item</Filter>
    </ClCompile>
    <ClCompile Include="XCCore\Item\ItemHelper.cpp">
      <Filter>XCCore\Item</Filter>
    </ClCompile>
    <ClCompile Include="XCCore\XCRender\AbsorbParticleHelper.cpp">
      <Filter>XCCore\XCRender\ParticleEffect</Filter>
    </ClCompile>
    <ClCompile Include="XCInterpreter\ImageParseHelper.cpp">
      <Filter>XCInterpreter</Filter>
    </ClCompile>
    <ClCompile Include="XCCore\Bullet\LaserTypeBullet.cpp">
      <Filter>XCCore\Bullet</Filter>
    </ClCompile>
    <ClCompile Include="XCCore\XCRender\XCFlexibleImageHelper.cpp">
      <Filter>XCCore\XCRender</Filter>
    </ClCompile>
    <ClCompile Include="XCCore\Attack\TraceStrike.cpp">
      <Filter>XCCore\Attack</Filter>
    </ClCompile>
    <ClCompile Include="PythonSTG.cpp" />
  </ItemGroup>
  <ItemGroup>
    <ClInclude Include="util\ConfigManager.h">
      <Filter>util</Filter>
    </ClInclude>
    <ClInclude Include="util\GameTimer.h">
      <Filter>util</Filter>
    </ClInclude>
    <ClInclude Include="util\ImageLoader.h">
      <Filter>util</Filter>
    </ClInclude>
    <ClInclude Include="util\ShaderReader.h">
      <Filter>util</Filter>
    </ClInclude>
    <ClInclude Include="util\stb_image.h">
      <Filter>util</Filter>
    </ClInclude>
    <ClInclude Include="XCFrame.h" />
    <ClInclude Include="XCInterpreter\XCInterpreter.h">
      <Filter>XCInterpreter</Filter>
    </ClInclude>
    <ClInclude Include="XCInterpreter\ScriptLoader.h">
      <Filter>XCInterpreter</Filter>
    </ClInclude>
    <ClInclude Include="XCCore\XCRender\IRenderHelper.h">
      <Filter>XCCore\XCRender</Filter>
    </ClInclude>
    <ClInclude Include="XCCore\XCRender\XCImageHelper.h">
      <Filter>XCCore\XCRender</Filter>
    </ClInclude>
    <ClInclude Include="XCCore\XCRender\XCColorBlockHelper.h">
      <Filter>XCCore\XCRender</Filter>
    </ClInclude>
    <ClInclude Include="XCFrameInfo.h" />
    <ClInclude Include="XCCore\Bullet\Bullet.h">
      <Filter>XCCore\Bullet</Filter>
    </ClInclude>
    <ClInclude Include="XCCore\Stage\Stage.h">
      <Filter>XCCore\Stage</Filter>
    </ClInclude>
    <ClInclude Include="XCCore\Bullet\BulletHelper.h">
      <Filter>XCCore\Bullet</Filter>
    </ClInclude>
    <ClInclude Include="XCCore\Task\Task.h">
      <Filter>XCCore\Task</Filter>
    </ClInclude>
    <ClInclude Include="XCCore\Task\TaskInsideUnit.h">
      <Filter>XCCore\Task</Filter>
    </ClInclude>
    <ClInclude Include="XCCore\Task\TaskDispatcher.h">
      <Filter>XCCore\Task</Filter>
    </ClInclude>
    <ClInclude Include="XCCore\Task\TaskHelper.h">
      <Filter>XCCore\Task</Filter>
    </ClInclude>
    <ClInclude Include="XCCore\Background\Background.h">
      <Filter>XCCore\Background</Filter>
    </ClInclude>
    <ClInclude Include="XCCore\Background\Lake.h">
      <Filter>XCCore\Background</Filter>
    </ClInclude>
    <ClInclude Include="XCCore\Background\BackgroundHelper.h">
      <Filter>XCCore\Background</Filter>
    </ClInclude>
    <ClInclude Include="XCCore\XCRender\XCAdvImageHelper.h">
      <Filter>XCCore\XCRender</Filter>
    </ClInclude>
    <ClInclude Include="XCCore\XCRender\BlendHelper.h">
      <Filter>XCCore\XCRender</Filter>
    </ClInclude>
    <ClInclude Include="XCCore\UserInterface\IUserInterface.h">
      <Filter>XCCore\UserInterface</Filter>
    </ClInclude>
    <ClInclude Include="XCCore\UserInterface\GameInfoInterface.h">
      <Filter>XCCore\UserInterface</Filter>
    </ClInclude>
    <ClInclude Include="XCCore\Bullet\CircleTypeBullet.h">
      <Filter>XCCore\Bullet</Filter>
    </ClInclude>
    <ClInclude Include="XCCore\Bullet\RectangleTypeBullet.h">
      <Filter>XCCore\Bullet</Filter>
    </ClInclude>
    <ClInclude Include="XCCore\XCRender\XCFont.h">
      <Filter>XCCore\XCRender</Filter>
    </ClInclude>
    <ClInclude Include="XCCore\XCCollide\CollideHelper.h">
      <Filter>XCCore\XCCollide</Filter>
    </ClInclude>
    <ClInclude Include="XCCore\XCCollide\CollideInfo.h">
      <Filter>XCCore\XCCollide</Filter>
    </ClInclude>
    <ClInclude Include="XCCore\XCRender\SpecialEffect\DecisionPointSE.h">
      <Filter>XCCore\XCRender\SpecialEffect</Filter>
    </ClInclude>
    <ClInclude Include="XCCore\XCRender\SpecialEffect\ISpecialEffect.h">
      <Filter>XCCore\XCRender\SpecialEffect</Filter>
    </ClInclude>
    <ClInclude Include="XCCore\UserInterface\CoverInterface.h">
      <Filter>XCCore\UserInterface</Filter>
    </ClInclude>
    <ClInclude Include="XCCore\Background\MagicForest.h">
      <Filter>XCCore\Background</Filter>
    </ClInclude>
    <ClInclude Include="XCCore\Background\Camera.h">
      <Filter>XCCore\Background</Filter>
    </ClInclude>
    <ClInclude Include="XCCore\XCAudio\AudioHelper.h">
      <Filter>XCCore\XCAudio</Filter>
    </ClInclude>
    <ClInclude Include="XCCore\XCRender\RenderManager.h">
      <Filter>XCCore\XCRender</Filter>
    </ClInclude>
    <ClInclude Include="XCCore\Task\TaskManager.h">
      <Filter>XCCore\Task</Filter>
    </ClInclude>
    <ClInclude Include="XCCore\XCRender\RenderObject.h">
      <Filter>XCCore\XCRender</Filter>
    </ClInclude>
    <ClInclude Include="XCCore\Enemy\EnemyObject.h">
      <Filter>XCCore\Enemy</Filter>
    </ClInclude>
    <ClInclude Include="XCCore\Task\TaskEnemy.h">
      <Filter>XCCore\Task</Filter>
    </ClInclude>
    <ClInclude Include="XCCore\Attack\IAttack.h">
      <Filter>XCCore\Attack</Filter>
    </ClInclude>
    <ClInclude Include="XCCore\Attack\NormalStrike.h">
      <Filter>XCCore\Attack</Filter>
    </ClInclude>
    <ClInclude Include="XCCore\Menu\IMenu.h">
      <Filter>XCCore\Menu</Filter>
    </ClInclude>
    <ClInclude Include="XCCore\Menu\GameMenu.h">
      <Filter>XCCore\Menu</Filter>
    </ClInclude>
    <ClInclude Include="LaunchHelper.h" />
    <ClInclude Include="XCCore\Menu\PauseMenu.h">
      <Filter>XCCore\Menu</Filter>
    </ClInclude>
    <ClInclude Include="XCCore\Bullet\OvalTypeBullet.h">
      <Filter>XCCore\Bullet</Filter>
    </ClInclude>
    <ClInclude Include="XCCore\Boss\BossHelper.h">
      <Filter>XCCore\Boss</Filter>
    </ClInclude>
    <ClInclude Include="XCCore\Boss\Boss.h">
      <Filter>XCCore\Boss</Filter>
    </ClInclude>
    <ClInclude Include="XCCore\Boss\SpellCard.h">
      <Filter>XCCore\Boss</Filter>
    </ClInclude>
    <ClInclude Include="XCCore\Boss\BossObject.h">
      <Filter>XCCore\Boss</Filter>
    </ClInclude>
    <ClInclude Include="XCCore\UserInterface\BossInfoInterface.h">
      <Filter>XCCore\UserInterface</Filter>
    </ClInclude>
    <ClInclude Include="resource1.h">
      <Filter>Resouce</Filter>
    </ClInclude>
    <ClInclude Include="resource.h">
      <Filter>Resouce</Filter>
    </ClInclude>
    <ClInclude Include="XCCore\Background\River.h">
      <Filter>XCCore\Background</Filter>
    </ClInclude>
    <ClInclude Include="XCCore\XCRender\SpecialEffect\XCParticle.h">
      <Filter>XCCore\XCRender\ParticleEffect</Filter>
    </ClInclude>
    <ClInclude Include="XCCore\XCRender\ParticleHelper.h">
      <Filter>XCCore\XCRender\ParticleEffect</Filter>
    </ClInclude>
    <ClInclude Include="XCCore\Player\Player.h">
      <Filter>XCCore\Player</Filter>
    </ClInclude>
    <ClInclude Include="XCCore\Item\Item.h">
      <Filter>XCCore\Item</Filter>
    </ClInclude>
    <ClInclude Include="XCCore\Item\ItemHelper.h">
      <Filter>XCCore\Item</Filter>
    </ClInclude>
    <ClInclude Include="XCCore\XCRender\AbsorbParticleHelper.h">
      <Filter>XCCore\XCRender\ParticleEffect</Filter>
    </ClInclude>
    <ClInclude Include="XCInterpreter\ImageParseHelper.h">
      <Filter>XCInterpreter</Filter>
    </ClInclude>
    <ClInclude Include="XCCore\Bullet\LaserTypeBullet.h">
      <Filter>XCCore\Bullet</Filter>
    </ClInclude>
    <ClInclude Include="XCCore\XCRender\XCFlexibleImageHelper.h">
      <Filter>XCCore\XCRender</Filter>
    </ClInclude>
    <ClInclude Include="XCCore\Attack\TraceStrike.h">
      <Filter>XCCore\Attack</Filter>
    </ClInclude>
  </ItemGroup>
  <ItemGroup>
    <Image Include="..\pystg.ico">
      <Filter>Resouce</Filter>
    </Image>
  </ItemGroup>
  <ItemGroup>
    <ResourceCompile Include="PythonSTG.rc">
      <Filter>Resouce</Filter>
    </ResourceCompile>
  </ItemGroup>
</Project>