<?xml version="1.0" encoding="utf-8"?>
<Project ToolsVersion="4.0" xmlns="http://schemas.microsoft.com/developer/msbuild/2003">
  <ItemGroup>
    <Filter Include="util">
      <UniqueIdentifier>{290e230d-6d2f-4449-998b-31861c83c897}</UniqueIdentifier>
    </Filter>
    <Filter Include="XCCore">
      <UniqueIdentifier>{9ffc9798-f555-43d9-a523-b70e502d26b1}</UniqueIdentifier>
    </Filter>
    <Filter Include="XCCore\XCRender">
      <UniqueIdentifier>{a8f6de0c-85c2-48a5-8add-453a4c4107d3}</UniqueIdentifier>
    </Filter>
    <Filter Include="XCInterpreter">
      <UniqueIdentifier>{42024c11-981e-4b30-99fa-c3231dfb5f1d}</UniqueIdentifier>
    </Filter>
    <Filter Include="XCCore\Bullet">
      <UniqueIdentifier>{6cd208d4-5bef-491f-8964-9c237709af33}</UniqueIdentifier>
    </Filter>
    <Filter Include="XCCore\Item">
      <UniqueIdentifier>{43fd9bff-7c18-403e-a0c5-5ca4cf4aaad0}</UniqueIdentifier>
    </Filter>
    <Filter Include="XCCore\XCFont">
      <UniqueIdentifier>{beb81aae-aa63-4b86-81c8-01dff3d0b01f}</UniqueIdentifier>
    </Filter>
    <Filter Include="XCCore\Stage">
      <UniqueIdentifier>{ac940bd2-e2a1-4200-bd83-f5234c0035c6}</UniqueIdentifier>
    </Filter>
    <Filter Include="XCCore\Task">
      <UniqueIdentifier>{303b8fc6-942a-443b-85e0-f81bdcf099af}</UniqueIdentifier>
    </Filter>
  </ItemGroup>
  <ItemGroup>
    <ClCompile Include="util\ConfigManager.cpp">
      <Filter>util</Filter>
    </ClCompile>
    <ClCompile Include="util\GameTimer.cpp">
      <Filter>util</Filter>
    </ClCompile>
    <ClCompile Include="util\gl3w.c">
      <Filter>util</Filter>
    </ClCompile>
    <ClCompile Include="util\ImageLoader.cpp">
      <Filter>util</Filter>
    </ClCompile>
    <ClCompile Include="XCFrame.cpp" />
    <ClCompile Include="XCCore\XCFont\XCFont.cpp">
      <Filter>XCCore\XCFont</Filter>
    </ClCompile>
    <ClCompile Include="util\ShaderReader.cpp">
      <Filter>util</Filter>
    </ClCompile>
    <ClCompile Include="XCInterpreter\XCInterpreter.cpp">
      <Filter>XCInterpreter</Filter>
    </ClCompile>
    <ClCompile Include="XCInterpreter\ScriptLoader.cpp">
      <Filter>XCInterpreter</Filter>
    </ClCompile>
    <ClCompile Include="XCCore\XCRender\RenderManager.cpp">
      <Filter>XCCore\XCRender</Filter>
    </ClCompile>
    <ClCompile Include="XCCore\XCRender\XCImageHelper.cpp">
      <Filter>XCCore\XCRender</Filter>
    </ClCompile>
    <ClCompile Include="XCCore\XCRender\XCColorBlockHelper.cpp">
      <Filter>XCCore\XCRender</Filter>
    </ClCompile>
    <ClCompile Include="XCFrameInfo.cpp" />
    <ClCompile Include="python2d.cpp" />
    <ClCompile Include="XCCore\XCRender\DecisionPointSE.cpp">
      <Filter>XCCore\XCRender</Filter>
    </ClCompile>
    <ClCompile Include="XCCore\Item\Item.cpp">
      <Filter>XCCore\Item</Filter>
    </ClCompile>
    <ClCompile Include="XCCore\Item\Player.cpp">
      <Filter>XCCore\Item</Filter>
    </ClCompile>
    <ClCompile Include="XCCore\Stage\Stage.cpp">
      <Filter>XCCore\Stage</Filter>
    </ClCompile>
    <ClCompile Include="XCCore\Bullet\BulletHelper.cpp">
      <Filter>XCCore\Bullet</Filter>
    </ClCompile>
    <ClCompile Include="XCCore\Bullet\CircleBullet.cpp">
      <Filter>XCCore\Bullet</Filter>
    </ClCompile>
    <ClCompile Include="XCCore\Task\Task.cpp">
      <Filter>XCCore\Task</Filter>
    </ClCompile>
    <ClCompile Include="XCCore\Task\TaskDispatcher.cpp">
      <Filter>XCCore\Task</Filter>
    </ClCompile>
    <ClCompile Include="XCCore\Task\TaskInsideUnit.cpp">
      <Filter>XCCore\Task</Filter>
    </ClCompile>
    <ClCompile Include="XCCore\Task\TaskHelper.cpp">
      <Filter>XCCore\Task</Filter>
    </ClCompile>
  </ItemGroup>
  <ItemGroup>
    <ClInclude Include="util\ConfigManager.h">
      <Filter>util</Filter>
    </ClInclude>
    <ClInclude Include="util\GameTimer.h">
      <Filter>util</Filter>
    </ClInclude>
    <ClInclude Include="util\ImageLoader.h">
      <Filter>util</Filter>
    </ClInclude>
    <ClInclude Include="util\ShaderReader.h">
      <Filter>util</Filter>
    </ClInclude>
    <ClInclude Include="util\stb_image.h">
      <Filter>util</Filter>
    </ClInclude>
    <ClInclude Include="XCFrame.h" />
    <ClInclude Include="XCCore\XCFont\XCFont.h">
      <Filter>XCCore\XCFont</Filter>
    </ClInclude>
    <ClInclude Include="XCInterpreter\XCInterpreter.h">
      <Filter>XCInterpreter</Filter>
    </ClInclude>
    <ClInclude Include="XCInterpreter\ScriptLoader.h">
      <Filter>XCInterpreter</Filter>
    </ClInclude>
    <ClInclude Include="XCCore\XCRender\RenderManager.h">
      <Filter>XCCore\XCRender</Filter>
    </ClInclude>
    <ClInclude Include="XCCore\XCRender\IRenderHelper.h">
      <Filter>XCCore\XCRender</Filter>
    </ClInclude>
    <ClInclude Include="XCCore\XCRender\XCImageHelper.h">
      <Filter>XCCore\XCRender</Filter>
    </ClInclude>
    <ClInclude Include="XCCore\XCRender\XCColorBlockHelper.h">
      <Filter>XCCore\XCRender</Filter>
    </ClInclude>
    <ClInclude Include="XCFrameInfo.h" />
    <ClInclude Include="XCCore\XCRender\ISpecialEffect.h">
      <Filter>XCCore\XCRender</Filter>
    </ClInclude>
    <ClInclude Include="XCCore\XCRender\DecisionPointSE.h">
      <Filter>XCCore\XCRender</Filter>
    </ClInclude>
    <ClInclude Include="XCCore\Bullet\Bullet.h">
      <Filter>XCCore\Bullet</Filter>
    </ClInclude>
    <ClInclude Include="XCCore\Item\Item.h">
      <Filter>XCCore\Item</Filter>
    </ClInclude>
    <ClInclude Include="XCCore\Item\Player.h">
      <Filter>XCCore\Item</Filter>
    </ClInclude>
    <ClInclude Include="XCCore\Stage\Stage.h">
      <Filter>XCCore\Stage</Filter>
    </ClInclude>
    <ClInclude Include="XCCore\Bullet\BulletHelper.h">
      <Filter>XCCore\Bullet</Filter>
    </ClInclude>
    <ClInclude Include="XCCore\Bullet\CircleBullet.h">
      <Filter>XCCore\Bullet</Filter>
    </ClInclude>
    <ClInclude Include="XCCore\Task\Task.h">
      <Filter>XCCore\Task</Filter>
    </ClInclude>
    <ClInclude Include="XCCore\Task\TaskInsideUnit.h">
      <Filter>XCCore\Task</Filter>
    </ClInclude>
    <ClInclude Include="XCCore\Task\TaskDispatcher.h">
      <Filter>XCCore\Task</Filter>
    </ClInclude>
    <ClInclude Include="XCCore\Task\TaskHelper.h">
      <Filter>XCCore\Task</Filter>
    </ClInclude>
  </ItemGroup>
</Project>